
Microsoft Visual Studio Solution File, Format Version 12.00
# Visual Studio Version 16
VisualStudioVersion = 16.0.30114.105
MinimumVisualStudioVersion = 10.0.40219.1
Project("{8BC9CEB8-8B4A-11D0-8D11-00A0C91BC942}") = "DLLCpp", "DLLCpp\DLLCpp.vcxproj", "{9284BDB9-848A-40C5-8A7A-2DFA315B385C}"
EndProject
Project("{FAE04EC0-301F-11D3-BF4B-00C04F79EFBC}") = "AppCS", "AppCS\AppCS.csproj", "{CF97EA18-ACDF-4385-81DE-D22491525907}"
	ProjectSection(ProjectDependencies) = postProject
		{9284BDB9-848A-40C5-8A7A-2DFA315B385C} = {9284BDB9-848A-40C5-8A7A-2DFA315B385C}
	EndProjectSection
EndProject
Global
	GlobalSection(SolutionConfigurationPlatforms) = preSolution
		Debug|Any CPU = Debug|Any CPU
		Debug|x64 = Debug|x64
		Debug|x86 = Debug|x86
		Release|Any CPU = Release|Any CPU
		Release|x64 = Release|x64
		Release|x86 = Release|x86
	EndGlobalSection
	GlobalSection(ProjectConfigurationPlatforms) = postSolution
		{9284BDB9-848A-40C5-8A7A-2DFA315B385C}.Debug|Any CPU.ActiveCfg = Debug|Win32
		{9284BDB9-848A-40C5-8A7A-2DFA315B385C}.Debug|x64.ActiveCfg = Debug|x64
		{9284BDB9-848A-40C5-8A7A-2DFA315B385C}.Debug|x64.Build.0 = Debug|x64
		{9284BDB9-848A-40C5-8A7A-2DFA315B385C}.Debug|x86.ActiveCfg = Debug|Win32
		{9284BDB9-848A-40C5-8A7A-2DFA315B385C}.Debug|x86.Build.0 = Debug|Win32
		{9284BDB9-848A-40C5-8A7A-2DFA315B385C}.Release|Any CPU.ActiveCfg = Release|Win32
		{9284BDB9-848A-40C5-8A7A-2DFA315B385C}.Release|x64.ActiveCfg = Release|x64
		{9284BDB9-848A-40C5-8A7A-2DFA315B385C}.Release|x64.Build.0 = Release|x64
		{9284BDB9-848A-40C5-8A7A-2DFA315B385C}.Release|x86.ActiveCfg = Release|Win32
		{9284BDB9-848A-40C5-8A7A-2DFA315B385C}.Release|x86.Build.0 = Release|Win32
		{CF97EA18-ACDF-4385-81DE-D22491525907}.Debug|Any CPU.ActiveCfg = Debug|Any CPU
		{CF97EA18-ACDF-4385-81DE-D22491525907}.Debug|Any CPU.Build.0 = Debug|Any CPU
		{CF97EA18-ACDF-4385-81DE-D22491525907}.Debug|x64.ActiveCfg = Debug|Any CPU
		{CF97EA18-ACDF-4385-81DE-D22491525907}.Debug|x64.Build.0 = Debug|Any CPU
		{CF97EA18-ACDF-4385-81DE-D22491525907}.Debug|x86.ActiveCfg = Debug|Any CPU
		{CF97EA18-ACDF-4385-81DE-D22491525907}.Debug|x86.Build.0 = Debug|Any CPU
		{CF97EA18-ACDF-4385-81DE-D22491525907}.Release|Any CPU.ActiveCfg = Release|Any CPU
		{CF97EA18-ACDF-4385-81DE-D22491525907}.Release|Any CPU.Build.0 = Release|Any CPU
		{CF97EA18-ACDF-4385-81DE-D22491525907}.Release|x64.ActiveCfg = Release|Any CPU
		{CF97EA18-ACDF-4385-81DE-D22491525907}.Release|x64.Build.0 = Release|Any CPU
		{CF97EA18-ACDF-4385-81DE-D22491525907}.Release|x86.ActiveCfg = Release|Any CPU
		{CF97EA18-ACDF-4385-81DE-D22491525907}.Release|x86.Build.0 = Release|Any CPU
	EndGlobalSection
	GlobalSection(SolutionProperties) = preSolution
		HideSolutionNode = FALSE
	EndGlobalSection
	GlobalSection(ExtensibilityGlobals) = postSolution
		SolutionGuid = {29BA6DE6-4330-46C8-A5DA-70898FAECFD3}
	EndGlobalSection
EndGlobal
